{
  "name": "sawayama-solitaire",
  "version": "1.0.0",
  "lockfileVersion": 3,
  "requires": true,
  "packages": {
    "": {
      "name": "sawayama-solitaire",
      "version": "1.0.0",
      "license": "ISC",
      "dependencies": {
        "animejs": "^3.2.1",
        "esbuild": "0.17.14",
        "pixi.js": "^7.2.3",
        "pubsub-js": "^1.9.4"
      },
      "devDependencies": {
        "@types/animejs": "^3.1.7",
        "prettier": "2.8.7"
      }
    },
    "node_modules/@esbuild/android-arm": {
      "version": "0.17.14",
      "resolved": "https://registry.npmjs.org/@esbuild/android-arm/-/android-arm-0.17.14.tgz",
      "integrity": "sha512-0CnlwnjDU8cks0yJLXfkaU/uoLyRf9VZJs4p1PskBr2AlAHeEsFEwJEo0of/Z3g+ilw5mpyDwThlxzNEIxOE4g==",
      "cpu": [
        "arm"
      ],
      "optional": true,
      "os": [
        "android"
      ],
      "engines": {
        "node": ">=12"
      }
    },
    "node_modules/@esbuild/android-arm64": {
      "version": "0.17.14",
      "resolved": "https://registry.npmjs.org/@esbuild/android-arm64/-/android-arm64-0.17.14.tgz",
      "integrity": "sha512-eLOpPO1RvtsP71afiFTvS7tVFShJBCT0txiv/xjFBo5a7R7Gjw7X0IgIaFoLKhqXYAXhahoXm7qAmRXhY4guJg==",
      "cpu": [
        "arm64"
      ],
      "optional": true,
      "os": [
        "android"
      ],
      "engines": {
        "node": ">=12"
      }
    },
    "node_modules/@esbuild/android-x64": {
      "version": "0.17.14",
      "resolved": "https://registry.npmjs.org/@esbuild/android-x64/-/android-x64-0.17.14.tgz",
      "integrity": "sha512-nrfQYWBfLGfSGLvRVlt6xi63B5IbfHm3tZCdu/82zuFPQ7zez4XjmRtF/wIRYbJQ/DsZrxJdEvYFE67avYXyng==",
      "cpu": [
        "x64"
      ],
      "optional": true,
      "os": [
        "android"
      ],
      "engines": {
        "node": ">=12"
      }
    },
    "node_modules/@esbuild/darwin-arm64": {
      "version": "0.17.14",
      "resolved": "https://registry.npmjs.org/@esbuild/darwin-arm64/-/darwin-arm64-0.17.14.tgz",
      "integrity": "sha512-eoSjEuDsU1ROwgBH/c+fZzuSyJUVXQTOIN9xuLs9dE/9HbV/A5IqdXHU1p2OfIMwBwOYJ9SFVGGldxeRCUJFyw==",
      "cpu": [
        "arm64"
      ],
      "optional": true,
      "os": [
        "darwin"
      ],
      "engines": {
        "node": ">=12"
      }
    },
    "node_modules/@esbuild/darwin-x64": {
      "version": "0.17.14",
      "resolved": "https://registry.npmjs.org/@esbuild/darwin-x64/-/darwin-x64-0.17.14.tgz",
      "integrity": "sha512-zN0U8RWfrDttdFNkHqFYZtOH8hdi22z0pFm0aIJPsNC4QQZv7je8DWCX5iA4Zx6tRhS0CCc0XC2m7wKsbWEo5g==",
      "cpu": [
        "x64"
      ],
      "optional": true,
      "os": [
        "darwin"
      ],
      "engines": {
        "node": ">=12"
      }
    },
    "node_modules/@esbuild/freebsd-arm64": {
      "version": "0.17.14",
      "resolved": "https://registry.npmjs.org/@esbuild/freebsd-arm64/-/freebsd-arm64-0.17.14.tgz",
      "integrity": "sha512-z0VcD4ibeZWVQCW1O7szaLxGsx54gcCnajEJMdYoYjLiq4g1jrP2lMq6pk71dbS5+7op/L2Aod+erw+EUr28/A==",
      "cpu": [
        "arm64"
      ],
      "optional": true,
      "os": [
        "freebsd"
      ],
      "engines": {
        "node": ">=12"
      }
    },
    "node_modules/@esbuild/freebsd-x64": {
      "version": "0.17.14",
      "resolved": "https://registry.npmjs.org/@esbuild/freebsd-x64/-/freebsd-x64-0.17.14.tgz",
      "integrity": "sha512-hd9mPcxfTgJlolrPlcXkQk9BMwNBvNBsVaUe5eNUqXut6weDQH8whcNaKNF2RO8NbpT6GY8rHOK2A9y++s+ehw==",
      "cpu": [
        "x64"
      ],
      "optional": true,
      "os": [
        "freebsd"
      ],
      "engines": {
        "node": ">=12"
      }
    },
    "node_modules/@esbuild/linux-arm": {
      "version": "0.17.14",
      "resolved": "https://registry.npmjs.org/@esbuild/linux-arm/-/linux-arm-0.17.14.tgz",
      "integrity": "sha512-BNTl+wSJ1omsH8s3TkQmIIIQHwvwJrU9u1ggb9XU2KTVM4TmthRIVyxSp2qxROJHhZuW/r8fht46/QE8hU8Qvg==",
      "cpu": [
        "arm"
      ],
      "optional": true,
      "os": [
        "linux"
      ],
      "engines": {
        "node": ">=12"
      }
    },
    "node_modules/@esbuild/linux-arm64": {
      "version": "0.17.14",
      "resolved": "https://registry.npmjs.org/@esbuild/linux-arm64/-/linux-arm64-0.17.14.tgz",
      "integrity": "sha512-FhAMNYOq3Iblcj9i+K0l1Fp/MHt+zBeRu/Qkf0LtrcFu3T45jcwB6A1iMsemQ42vR3GBhjNZJZTaCe3VFPbn9g==",
      "cpu": [
        "arm64"
      ],
      "optional": true,
      "os": [
        "linux"
      ],
      "engines": {
        "node": ">=12"
      }
    },
    "node_modules/@esbuild/linux-ia32": {
      "version": "0.17.14",
      "resolved": "https://registry.npmjs.org/@esbuild/linux-ia32/-/linux-ia32-0.17.14.tgz",
      "integrity": "sha512-91OK/lQ5y2v7AsmnFT+0EyxdPTNhov3y2CWMdizyMfxSxRqHazXdzgBKtlmkU2KYIc+9ZK3Vwp2KyXogEATYxQ==",
      "cpu": [
        "ia32"
      ],
      "optional": true,
      "os": [
        "linux"
      ],
      "engines": {
        "node": ">=12"
      }
    },
    "node_modules/@esbuild/linux-loong64": {
      "version": "0.17.14",
      "resolved": "https://registry.npmjs.org/@esbuild/linux-loong64/-/linux-loong64-0.17.14.tgz",
      "integrity": "sha512-vp15H+5NR6hubNgMluqqKza85HcGJgq7t6rMH7O3Y6ApiOWPkvW2AJfNojUQimfTp6OUrACUXfR4hmpcENXoMQ==",
      "cpu": [
        "loong64"
      ],
      "optional": true,
      "os": [
        "linux"
      ],
      "engines": {
        "node": ">=12"
      }
    },
    "node_modules/@esbuild/linux-mips64el": {
      "version": "0.17.14",
      "resolved": "https://registry.npmjs.org/@esbuild/linux-mips64el/-/linux-mips64el-0.17.14.tgz",
      "integrity": "sha512-90TOdFV7N+fgi6c2+GO9ochEkmm9kBAKnuD5e08GQMgMINOdOFHuYLPQ91RYVrnWwQ5683sJKuLi9l4SsbJ7Hg==",
      "cpu": [
        "mips64el"
      ],
      "optional": true,
      "os": [
        "linux"
      ],
      "engines": {
        "node": ">=12"
      }
    },
    "node_modules/@esbuild/linux-ppc64": {
      "version": "0.17.14",
      "resolved": "https://registry.npmjs.org/@esbuild/linux-ppc64/-/linux-ppc64-0.17.14.tgz",
      "integrity": "sha512-NnBGeoqKkTugpBOBZZoktQQ1Yqb7aHKmHxsw43NddPB2YWLAlpb7THZIzsRsTr0Xw3nqiPxbA1H31ZMOG+VVPQ==",
      "cpu": [
        "ppc64"
      ],
      "optional": true,
      "os": [
        "linux"
      ],
      "engines": {
        "node": ">=12"
      }
    },
    "node_modules/@esbuild/linux-riscv64": {
      "version": "0.17.14",
      "resolved": "https://registry.npmjs.org/@esbuild/linux-riscv64/-/linux-riscv64-0.17.14.tgz",
      "integrity": "sha512-0qdlKScLXA8MGVy21JUKvMzCYWovctuP8KKqhtE5A6IVPq4onxXhSuhwDd2g5sRCzNDlDjitc5sX31BzDoL5Fw==",
      "cpu": [
        "riscv64"
      ],
      "optional": true,
      "os": [
        "linux"
      ],
      "engines": {
        "node": ">=12"
      }
    },
    "node_modules/@esbuild/linux-s390x": {
      "version": "0.17.14",
      "resolved": "https://registry.npmjs.org/@esbuild/linux-s390x/-/linux-s390x-0.17.14.tgz",
      "integrity": "sha512-Hdm2Jo1yaaOro4v3+6/zJk6ygCqIZuSDJHdHaf8nVH/tfOuoEX5Riv03Ka15LmQBYJObUTNS1UdyoMk0WUn9Ww==",
      "cpu": [
        "s390x"
      ],
      "optional": true,
      "os": [
        "linux"
      ],
      "engines": {
        "node": ">=12"
      }
    },
    "node_modules/@esbuild/linux-x64": {
      "version": "0.17.14",
      "resolved": "https://registry.npmjs.org/@esbuild/linux-x64/-/linux-x64-0.17.14.tgz",
      "integrity": "sha512-8KHF17OstlK4DuzeF/KmSgzrTWQrkWj5boluiiq7kvJCiQVzUrmSkaBvcLB2UgHpKENO2i6BthPkmUhNDaJsVw==",
      "cpu": [
        "x64"
      ],
      "optional": true,
      "os": [
        "linux"
      ],
      "engines": {
        "node": ">=12"
      }
    },
    "node_modules/@esbuild/netbsd-x64": {
      "version": "0.17.14",
      "resolved": "https://registry.npmjs.org/@esbuild/netbsd-x64/-/netbsd-x64-0.17.14.tgz",
      "integrity": "sha512-nVwpqvb3yyXztxIT2+VsxJhB5GCgzPdk1n0HHSnchRAcxqKO6ghXwHhJnr0j/B+5FSyEqSxF4q03rbA2fKXtUQ==",
      "cpu": [
        "x64"
      ],
      "optional": true,
      "os": [
        "netbsd"
      ],
      "engines": {
        "node": ">=12"
      }
    },
    "node_modules/@esbuild/openbsd-x64": {
      "version": "0.17.14",
      "resolved": "https://registry.npmjs.org/@esbuild/openbsd-x64/-/openbsd-x64-0.17.14.tgz",
      "integrity": "sha512-1RZ7uQQ9zcy/GSAJL1xPdN7NDdOOtNEGiJalg/MOzeakZeTrgH/DoCkbq7TaPDiPhWqnDF+4bnydxRqQD7il6g==",
      "cpu": [
        "x64"
      ],
      "optional": true,
      "os": [
        "openbsd"
      ],
      "engines": {
        "node": ">=12"
      }
    },
    "node_modules/@esbuild/sunos-x64": {
      "version": "0.17.14",
      "resolved": "https://registry.npmjs.org/@esbuild/sunos-x64/-/sunos-x64-0.17.14.tgz",
      "integrity": "sha512-nqMjDsFwv7vp7msrwWRysnM38Sd44PKmW8EzV01YzDBTcTWUpczQg6mGao9VLicXSgW/iookNK6AxeogNVNDZA==",
      "cpu": [
        "x64"
      ],
      "optional": true,
      "os": [
        "sunos"
      ],
      "engines": {
        "node": ">=12"
      }
    },
    "node_modules/@esbuild/win32-arm64": {
      "version": "0.17.14",
      "resolved": "https://registry.npmjs.org/@esbuild/win32-arm64/-/win32-arm64-0.17.14.tgz",
      "integrity": "sha512-xrD0mccTKRBBIotrITV7WVQAwNJ5+1va6L0H9zN92v2yEdjfAN7864cUaZwJS7JPEs53bDTzKFbfqVlG2HhyKQ==",
      "cpu": [
        "arm64"
      ],
      "optional": true,
      "os": [
        "win32"
      ],
      "engines": {
        "node": ">=12"
      }
    },
    "node_modules/@esbuild/win32-ia32": {
      "version": "0.17.14",
      "resolved": "https://registry.npmjs.org/@esbuild/win32-ia32/-/win32-ia32-0.17.14.tgz",
      "integrity": "sha512-nXpkz9bbJrLLyUTYtRotSS3t5b+FOuljg8LgLdINWFs3FfqZMtbnBCZFUmBzQPyxqU87F8Av+3Nco/M3hEcu1w==",
      "cpu": [
        "ia32"
      ],
      "optional": true,
      "os": [
        "win32"
      ],
      "engines": {
        "node": ">=12"
      }
    },
    "node_modules/@esbuild/win32-x64": {
      "version": "0.17.14",
      "resolved": "https://registry.npmjs.org/@esbuild/win32-x64/-/win32-x64-0.17.14.tgz",
      "integrity": "sha512-gPQmsi2DKTaEgG14hc3CHXHp62k8g6qr0Pas+I4lUxRMugGSATh/Bi8Dgusoz9IQ0IfdrvLpco6kujEIBoaogA==",
      "cpu": [
        "x64"
      ],
      "optional": true,
      "os": [
        "win32"
      ],
      "engines": {
        "node": ">=12"
      }
    },
    "node_modules/@pixi/accessibility": {
      "version": "7.2.3",
      "resolved": "https://registry.npmjs.org/@pixi/accessibility/-/accessibility-7.2.3.tgz",
      "integrity": "sha512-uQ0JA/n1qF3UtWKF5nYnwH0X+qc23+jR4gzPuASrO8XlKQ/HmmiCs2vkUyJoA4vIXtyBmFxPC5Tmfex69NwnSQ==",
      "peerDependencies": {
        "@pixi/core": "7.2.3",
        "@pixi/display": "7.2.3",
        "@pixi/events": "7.2.3"
      }
    },
    "node_modules/@pixi/app": {
      "version": "7.2.3",
      "resolved": "https://registry.npmjs.org/@pixi/app/-/app-7.2.3.tgz",
      "integrity": "sha512-KK2KDozY987VPaMuXuL2q9vfJLZInxgITFi9QxEzcGxD4WWvVIdLBPOv3m18sB8i3HTafJb/b6x3n6/7RNhzEA==",
      "peerDependencies": {
        "@pixi/core": "7.2.3",
        "@pixi/display": "7.2.3"
      }
    },
    "node_modules/@pixi/assets": {
      "version": "7.2.3",
      "resolved": "https://registry.npmjs.org/@pixi/assets/-/assets-7.2.3.tgz",
      "integrity": "sha512-hgekRX8ujawwOoysm+QPOP50yyn9UnQOnWzzZPzm6TYQ9hg6zyCpV9ycP0szhzDGGz0haqOj23pA2A2fE2ENIQ==",
      "dependencies": {
        "@types/css-font-loading-module": "^0.0.7"
      },
      "peerDependencies": {
        "@pixi/core": "7.2.3",
        "@pixi/utils": "7.2.3"
      }
    },
    "node_modules/@pixi/color": {
      "version": "7.2.3",
      "resolved": "https://registry.npmjs.org/@pixi/color/-/color-7.2.3.tgz",
      "integrity": "sha512-xhU2Hzuou9DhmQCvUPR5ZuoqAM6hV6OuuW2qk8aIKjFDrvtcTvwPHU3nLpIBNvRcEqkDBV5whBvaMTjjD/G1Cw==",
      "dependencies": {
        "colord": "^2.9.3"
      }
    },
    "node_modules/@pixi/compressed-textures": {
      "version": "7.2.3",
      "resolved": "https://registry.npmjs.org/@pixi/compressed-textures/-/compressed-textures-7.2.3.tgz",
      "integrity": "sha512-yfbJlldX5LMYcwmDqW1RpZGHKSDuBUFvFe8+m1hq58GTQUW0Z7gtltr2nJJS0+tj65AETVzaXpKocd4auHLvPQ==",
      "peerDependencies": {
        "@pixi/assets": "7.2.3",
        "@pixi/core": "7.2.3"
      }
    },
    "node_modules/@pixi/constants": {
      "version": "7.2.3",
      "resolved": "https://registry.npmjs.org/@pixi/constants/-/constants-7.2.3.tgz",
      "integrity": "sha512-Qo4IiAOvlxH8ci/GoR83NwM5KtaLLKQIoJTj6oG9D+ZJfy062t6040HgmZr/k0+6jqTESbWpH+J/LE7K9AIiQw=="
    },
    "node_modules/@pixi/core": {
      "version": "7.2.3",
      "resolved": "https://registry.npmjs.org/@pixi/core/-/core-7.2.3.tgz",
      "integrity": "sha512-nQT4YFM4BwjBmW69tTLDJuP6qxodTR1QKnOxTugSkwnJoi0xyiXILryF/AVHqnPDYvdJ9iuORnVRcEuQfk436Q==",
      "dependencies": {
        "@pixi/color": "7.2.3",
        "@pixi/constants": "7.2.3",
        "@pixi/extensions": "7.2.3",
        "@pixi/math": "7.2.3",
        "@pixi/runner": "7.2.3",
        "@pixi/settings": "7.2.3",
        "@pixi/ticker": "7.2.3",
        "@pixi/utils": "7.2.3",
        "@types/offscreencanvas": "^2019.6.4"
      },
      "funding": {
        "type": "opencollective",
        "url": "https://opencollective.com/pixijs"
      }
    },
    "node_modules/@pixi/display": {
      "version": "7.2.3",
      "resolved": "https://registry.npmjs.org/@pixi/display/-/display-7.2.3.tgz",
      "integrity": "sha512-bJGH9YpMCWCKKBNJ0Qkqg4BeprXx+tb0Dp1sxbWuqtgkWRHDmgMYZp55W6iZgrCq7ucW2rWXoZus4PWRM6BvZQ==",
      "peerDependencies": {
        "@pixi/core": "7.2.3"
      }
    },
    "node_modules/@pixi/events": {
      "version": "7.2.3",
      "resolved": "https://registry.npmjs.org/@pixi/events/-/events-7.2.3.tgz",
      "integrity": "sha512-+XKBEr3ZULdYlov0up7PrcwJ9+cDvI2y+S+2xWMR9EmKTKgsCfAF3WNh1EfDM8Eixa+5FXvHceepBbyIbH7lTw==",
      "peerDependencies": {
        "@pixi/core": "7.2.3",
        "@pixi/display": "7.2.3",
        "@pixi/utils": "7.2.3"
      }
    },
    "node_modules/@pixi/extensions": {
      "version": "7.2.3",
      "resolved": "https://registry.npmjs.org/@pixi/extensions/-/extensions-7.2.3.tgz",
      "integrity": "sha512-HpNk531MEbIQtukGCuKI8JWhHTFL1wE8NMOQvtk1stJHZ19clLowHR8sTGnJhSfSWKcAF35u5vmTje5t5VvELQ=="
    },
    "node_modules/@pixi/extract": {
      "version": "7.2.3",
      "resolved": "https://registry.npmjs.org/@pixi/extract/-/extract-7.2.3.tgz",
      "integrity": "sha512-TpZ8YGw3KiIjjX6HaW3yCdBKz+oANyQlla3d+GXckYuHGt50JyOtRN2ZjcGVYjNk9pDuPpSCIHOMqrB5rWO4ow==",
      "peerDependencies": {
        "@pixi/core": "7.2.3"
      }
    },
    "node_modules/@pixi/filter-alpha": {
      "version": "7.2.3",
      "resolved": "https://registry.npmjs.org/@pixi/filter-alpha/-/filter-alpha-7.2.3.tgz",
      "integrity": "sha512-u7ipPjrLvJt0oB+s5O/SxsF/JOCo3QVZjqIaeD4LGKMaTcthzw/LS3K/5Lw+Vwz2hfVbrhgJRQMqaxAHRNzM1g==",
      "peerDependencies": {
        "@pixi/core": "7.2.3"
      }
    },
    "node_modules/@pixi/filter-blur": {
      "version": "7.2.3",
      "resolved": "https://registry.npmjs.org/@pixi/filter-blur/-/filter-blur-7.2.3.tgz",
      "integrity": "sha512-CFGkb4tzhIVK4y18ZRERkBafV2NPI4mKXMFy3ThnmJNl20fuXt+F/7Qlnnhq2IFo9HhNlxW5hJCAOXodabX01Q==",
      "peerDependencies": {
        "@pixi/core": "7.2.3"
      }
    },
    "node_modules/@pixi/filter-color-matrix": {
      "version": "7.2.3",
      "resolved": "https://registry.npmjs.org/@pixi/filter-color-matrix/-/filter-color-matrix-7.2.3.tgz",
      "integrity": "sha512-5oJ9LAXvQUDmcd/JNW42v8njdqgScGKzHiqaQL4oo37o80oiVaLbr9Kp3Q3LTmqM+7YzM0K2Mc7BjlBJMDlWjg==",
      "peerDependencies": {
        "@pixi/core": "7.2.3"
      }
    },
    "node_modules/@pixi/filter-displacement": {
      "version": "7.2.3",
      "resolved": "https://registry.npmjs.org/@pixi/filter-displacement/-/filter-displacement-7.2.3.tgz",
      "integrity": "sha512-HZnEFgLAai4ycMVZ8HHGokFIc+tZfy2MYTiQBUDlgCkZjV5UGswjcOrKsbJRcICcTHg8zeAlt8VyHyk0Ct57VQ==",
      "peerDependencies": {
        "@pixi/core": "7.2.3"
      }
    },
    "node_modules/@pixi/filter-fxaa": {
      "version": "7.2.3",
      "resolved": "https://registry.npmjs.org/@pixi/filter-fxaa/-/filter-fxaa-7.2.3.tgz",
      "integrity": "sha512-bhWXxp3uV4zIz+DHH18/eXy3YcYr7PtY5XuyEVslKpYCi43Vy/ztZg3o24GBVC9r+8TDRiouDpo+6J0CclOIqQ==",
      "peerDependencies": {
        "@pixi/core": "7.2.3"
      }
    },
    "node_modules/@pixi/filter-noise": {
      "version": "7.2.3",
      "resolved": "https://registry.npmjs.org/@pixi/filter-noise/-/filter-noise-7.2.3.tgz",
      "integrity": "sha512-ITHGobXsuM9pCwroJg1xNiULD0r3au4wqpRLXNOeqK7nWbUK3dP7/t9oIxon8RWVHMnVQeIk7zEGskqGaaLMCw==",
      "peerDependencies": {
        "@pixi/core": "7.2.3"
      }
    },
    "node_modules/@pixi/graphics": {
      "version": "7.2.3",
      "resolved": "https://registry.npmjs.org/@pixi/graphics/-/graphics-7.2.3.tgz",
      "integrity": "sha512-WHMRUSQNDaIT+pg/HD8VJQxs5PvazxRHMyCdmbl4TeaTj5H1w7njGvqtmD0RJshy52/PXbCEyTAkg3xKdrl60g==",
      "peerDependencies": {
        "@pixi/core": "7.2.3",
        "@pixi/display": "7.2.3",
        "@pixi/sprite": "7.2.3"
      }
    },
    "node_modules/@pixi/math": {
      "version": "7.2.3",
      "resolved": "https://registry.npmjs.org/@pixi/math/-/math-7.2.3.tgz",
      "integrity": "sha512-aZgI5bz0aiKHh8X0a/sIKaWU78/tcpxpVfPt4IXYB/Yj4cskSwFoYS7a4kSv3s1bprpK/54hJK9x4RmHb/VPhQ=="
    },
    "node_modules/@pixi/mesh": {
      "version": "7.2.3",
      "resolved": "https://registry.npmjs.org/@pixi/mesh/-/mesh-7.2.3.tgz",
      "integrity": "sha512-5y329KPWDSiTZUj+4A/bhIpckgXPonAKUNnMjZgnX70zvuqVus59OCV8QC2NoJqSMUxgJbcntRx5lkb81NUWXQ==",
      "peerDependencies": {
        "@pixi/core": "7.2.3",
        "@pixi/display": "7.2.3"
      }
    },
    "node_modules/@pixi/mesh-extras": {
      "version": "7.2.3",
      "resolved": "https://registry.npmjs.org/@pixi/mesh-extras/-/mesh-extras-7.2.3.tgz",
      "integrity": "sha512-Fa3E/wl6IJdbiQsiLDCEDUDq/jmFJJEgPLXMClm+56Av6L0BbvkZvf1eO1mdhbT4V7EFLPnqbE5S/wZBYeomEg==",
      "peerDependencies": {
        "@pixi/core": "7.2.3",
        "@pixi/mesh": "7.2.3"
      }
    },
    "node_modules/@pixi/mixin-cache-as-bitmap": {
      "version": "7.2.3",
      "resolved": "https://registry.npmjs.org/@pixi/mixin-cache-as-bitmap/-/mixin-cache-as-bitmap-7.2.3.tgz",
      "integrity": "sha512-6MQv4L8IffsWtWQgqSu6ib1HAMi3kC0cHaCME4sbhEjPqNysJDpPvI3riS8bg7R4NCSPrCNr9Uoq18zNfLHcVw==",
      "peerDependencies": {
        "@pixi/core": "7.2.3",
        "@pixi/display": "7.2.3",
        "@pixi/sprite": "7.2.3"
      }
    },
    "node_modules/@pixi/mixin-get-child-by-name": {
      "version": "7.2.3",
      "resolved": "https://registry.npmjs.org/@pixi/mixin-get-child-by-name/-/mixin-get-child-by-name-7.2.3.tgz",
      "integrity": "sha512-UnS0lGSb64SwrCXeJ1KwgDOPimQlHFNpBxQ1/R4aS/gIxkdibP1sYSoJ0Hed6t161XnTb4meQefoOMmNVA9xrg==",
      "peerDependencies": {
        "@pixi/display": "7.2.3"
      }
    },
    "node_modules/@pixi/mixin-get-global-position": {
      "version": "7.2.3",
      "resolved": "https://registry.npmjs.org/@pixi/mixin-get-global-position/-/mixin-get-global-position-7.2.3.tgz",
      "integrity": "sha512-igWb2Uj89Bk+NopcWD5mFnWMQHFgb2CQ3jct+QNljxyDscX2soK5YA8sscCKl3mnwpVlN/OSrMlvaw2IiACytg==",
      "peerDependencies": {
        "@pixi/core": "7.2.3",
        "@pixi/display": "7.2.3"
      }
    },
    "node_modules/@pixi/particle-container": {
      "version": "7.2.3",
      "resolved": "https://registry.npmjs.org/@pixi/particle-container/-/particle-container-7.2.3.tgz",
      "integrity": "sha512-wrKQrCvpv3qytd5tGB1nhkE9euZDH9uqbze3o1BOwfdA3GzACgqpKVEh8DaoTv4cCQC3mpPa5g76+/yutFskEg==",
      "peerDependencies": {
        "@pixi/core": "7.2.3",
        "@pixi/display": "7.2.3",
        "@pixi/sprite": "7.2.3"
      }
    },
    "node_modules/@pixi/prepare": {
      "version": "7.2.3",
      "resolved": "https://registry.npmjs.org/@pixi/prepare/-/prepare-7.2.3.tgz",
      "integrity": "sha512-CGz+th/MumXfaC7CjZSkSvz25lLUpmS4dIJiO6MSCqv8w8kMzNnr5T858Za5p7pYRv0e0M5JHRBs7+9WMXKrOA==",
      "peerDependencies": {
        "@pixi/core": "7.2.3",
        "@pixi/display": "7.2.3",
        "@pixi/graphics": "7.2.3",
        "@pixi/text": "7.2.3"
      }
    },
    "node_modules/@pixi/runner": {
      "version": "7.2.3",
      "resolved": "https://registry.npmjs.org/@pixi/runner/-/runner-7.2.3.tgz",
      "integrity": "sha512-VME2Mb4esuen6GAYt7fRKmZuiOX84QU3uPtUx8vPM6oSz2Mm8/RAVHoei9aTjBMXBzOxa/tvxeV4R0L6qYUggg=="
    },
    "node_modules/@pixi/settings": {
      "version": "7.2.3",
      "resolved": "https://registry.npmjs.org/@pixi/settings/-/settings-7.2.3.tgz",
      "integrity": "sha512-6igzYiVCQ/zxwMGvSMTuZ517Obf3GuXXgXUD0Gyp/gh7IB3w1yq0Zw8A8s3TyjIH1CWlGiXbcsV9R8GZnXsc3g==",
      "dependencies": {
        "@pixi/constants": "7.2.3",
        "@types/css-font-loading-module": "^0.0.7",
        "ismobilejs": "^1.1.0"
      }
    },
    "node_modules/@pixi/sprite": {
      "version": "7.2.3",
      "resolved": "https://registry.npmjs.org/@pixi/sprite/-/sprite-7.2.3.tgz",
      "integrity": "sha512-NsprxlVBgBWTucL7XdJZ22zkhvqxnuVPLTRSL6KciGx8ZsQfmJCEsS3+jmbXQ5H8zkKFviVHYjx5T5qup5KILQ==",
      "peerDependencies": {
        "@pixi/core": "7.2.3",
        "@pixi/display": "7.2.3"
      }
    },
    "node_modules/@pixi/sprite-animated": {
      "version": "7.2.3",
      "resolved": "https://registry.npmjs.org/@pixi/sprite-animated/-/sprite-animated-7.2.3.tgz",
      "integrity": "sha512-JMwOXjctJ++UWTnvcaVfEmv0xeG9T8luBcLfEexV4iFz3gsZkQpHzoeVC69w5rO3SAw6x3RVz0jGAJyHDfTdBQ==",
      "peerDependencies": {
        "@pixi/core": "7.2.3",
        "@pixi/sprite": "7.2.3"
      }
    },
    "node_modules/@pixi/sprite-tiling": {
      "version": "7.2.3",
      "resolved": "https://registry.npmjs.org/@pixi/sprite-tiling/-/sprite-tiling-7.2.3.tgz",
      "integrity": "sha512-pzwbgoFcKFcb7c/SV2MBilUa/8P/j44yWKnrwtdDJihWl0+ObhWQhlWWVE+89cJveeI0qKNCMVHJGvVgg60l/g==",
      "peerDependencies": {
        "@pixi/core": "7.2.3",
        "@pixi/display": "7.2.3",
        "@pixi/sprite": "7.2.3"
      }
    },
    "node_modules/@pixi/spritesheet": {
      "version": "7.2.3",
      "resolved": "https://registry.npmjs.org/@pixi/spritesheet/-/spritesheet-7.2.3.tgz",
      "integrity": "sha512-V6WML/vUIDXP2BaaiVyzmeP1nBZS61/G6AySRIeLQJajF8oS/bJA92yYdHjyW2nTF6iAzlLJRYfYwMJRe0Dmkw==",
      "peerDependencies": {
        "@pixi/assets": "7.2.3",
        "@pixi/core": "7.2.3"
      }
    },
    "node_modules/@pixi/text": {
      "version": "7.2.3",
      "resolved": "https://registry.npmjs.org/@pixi/text/-/text-7.2.3.tgz",
      "integrity": "sha512-59/6oawcDfqnj3uom4pb5lFjMcPS3ybrZIX3ELJ4szit1K26kWKO67eBmVEnixIXH3KFsuo+RORixjaXD3259Q==",
      "peerDependencies": {
        "@pixi/core": "7.2.3",
        "@pixi/sprite": "7.2.3"
      }
    },
    "node_modules/@pixi/text-bitmap": {
      "version": "7.2.3",
      "resolved": "https://registry.npmjs.org/@pixi/text-bitmap/-/text-bitmap-7.2.3.tgz",
      "integrity": "sha512-25jiR3TkMtunuO3pIWg6gDDR3LD4KASaKaLssF6TKTUdqUbYNiS8EhH83T4jfUsu8S6b6NY34JDkQl6HFNqQSA==",
      "peerDependencies": {
        "@pixi/assets": "7.2.3",
        "@pixi/core": "7.2.3",
        "@pixi/display": "7.2.3",
        "@pixi/mesh": "7.2.3",
        "@pixi/text": "7.2.3"
      }
    },
    "node_modules/@pixi/text-html": {
      "version": "7.2.3",
      "resolved": "https://registry.npmjs.org/@pixi/text-html/-/text-html-7.2.3.tgz",
      "integrity": "sha512-bSf51sh1K17jZfARa/AhsDGFabSI0sMUnqw14z7Z4bUUPCCK/mNKCJS8Cqf0/U+Fow3/N0luef1qFZentxM6ag==",
      "peerDependencies": {
        "@pixi/core": "7.2.3",
        "@pixi/display": "7.2.3",
        "@pixi/sprite": "7.2.3",
        "@pixi/text": "7.2.3"
      }
    },
    "node_modules/@pixi/ticker": {
      "version": "7.2.3",
      "resolved": "https://registry.npmjs.org/@pixi/ticker/-/ticker-7.2.3.tgz",
      "integrity": "sha512-ad8v5PLG4Lyr1Botx65mh6SenQwnJWSjmYOgzzv320xQIim4l0dBIifB6np+Ro8hD0BTJ3Mc+AY9Q5SH9eU+7Q==",
      "dependencies": {
        "@pixi/extensions": "7.2.3",
        "@pixi/settings": "7.2.3",
        "@pixi/utils": "7.2.3"
      }
    },
    "node_modules/@pixi/utils": {
      "version": "7.2.3",
      "resolved": "https://registry.npmjs.org/@pixi/utils/-/utils-7.2.3.tgz",
      "integrity": "sha512-LinLIRJs/h4ZKFz2G8mwjbApsQK6908zjTrHCnyvIxnAdHvkJiLbj6/HlaKZRFvk1JrCrXxtLUz9+DkCEpeq9A==",
      "dependencies": {
        "@pixi/color": "7.2.3",
        "@pixi/constants": "7.2.3",
        "@pixi/settings": "7.2.3",
        "@types/earcut": "^2.1.0",
        "earcut": "^2.2.4",
        "eventemitter3": "^4.0.0",
        "url": "^0.11.0"
      }
    },
    "node_modules/@types/animejs": {
      "version": "3.1.7",
      "resolved": "https://registry.npmjs.org/@types/animejs/-/animejs-3.1.7.tgz",
      "integrity": "sha512-kFSyjM+fLo3oE9noWEtUvF82ttN8fTrKohiEMIrSzEzEjnsCmtO0rBCUQBlSPEb2w8vfN+v4/Zo0tK21Bgmq4g==",
      "dev": true
    },
    "node_modules/@types/css-font-loading-module": {
      "version": "0.0.7",
      "resolved": "https://registry.npmjs.org/@types/css-font-loading-module/-/css-font-loading-module-0.0.7.tgz",
      "integrity": "sha512-nl09VhutdjINdWyXxHWN/w9zlNCfr60JUqJbd24YXUuCwgeL0TpFSdElCwb6cxfB6ybE19Gjj4g0jsgkXxKv1Q=="
    },
    "node_modules/@types/earcut": {
      "version": "2.1.1",
      "resolved": "https://registry.npmjs.org/@types/earcut/-/earcut-2.1.1.tgz",
      "integrity": "sha512-w8oigUCDjElRHRRrMvn/spybSMyX8MTkKA5Dv+tS1IE/TgmNZPqUYtvYBXGY8cieSE66gm+szeK+bnbxC2xHTQ=="
    },
    "node_modules/@types/offscreencanvas": {
      "version": "2019.7.0",
      "resolved": "https://registry.npmjs.org/@types/offscreencanvas/-/offscreencanvas-2019.7.0.tgz",
      "integrity": "sha512-PGcyveRIpL1XIqK8eBsmRBt76eFgtzuPiSTyKHZxnGemp2yzGzWpjYKAfK3wIMiU7eH+851yEpiuP8JZerTmWg=="
    },
    "node_modules/animejs": {
      "version": "3.2.1",
      "resolved": "https://registry.npmjs.org/animejs/-/animejs-3.2.1.tgz",
      "integrity": "sha512-sWno3ugFryK5nhiDm/2BKeFCpZv7vzerWUcUPyAZLDhMek3+S/p418ldZJbJXo5ZUOpfm2kP2XRO4NJcULMy9A=="
    },
    "node_modules/colord": {
      "version": "2.9.3",
      "resolved": "https://registry.npmjs.org/colord/-/colord-2.9.3.tgz",
      "integrity": "sha512-jeC1axXpnb0/2nn/Y1LPuLdgXBLH7aDcHu4KEKfqw3CUhX7ZpfBSlPKyqXE6btIgEzfWtrX3/tyBCaCvXvMkOw=="
    },
    "node_modules/earcut": {
      "version": "2.2.4",
      "resolved": "https://registry.npmjs.org/earcut/-/earcut-2.2.4.tgz",
      "integrity": "sha512-/pjZsA1b4RPHbeWZQn66SWS8nZZWLQQ23oE3Eam7aroEFGEvwKAsJfZ9ytiEMycfzXWpca4FA9QIOehf7PocBQ=="
    },
    "node_modules/esbuild": {
      "version": "0.17.14",
      "resolved": "https://registry.npmjs.org/esbuild/-/esbuild-0.17.14.tgz",
      "integrity": "sha512-vOO5XhmVj/1XQR9NQ1UPq6qvMYL7QFJU57J5fKBKBKxp17uDt5PgxFDb4A2nEiXhr1qQs4x0F5+66hVVw4ruNw==",
      "hasInstallScript": true,
      "bin": {
        "esbuild": "bin/esbuild"
      },
      "engines": {
        "node": ">=12"
      },
      "optionalDependencies": {
        "@esbuild/android-arm": "0.17.14",
        "@esbuild/android-arm64": "0.17.14",
        "@esbuild/android-x64": "0.17.14",
        "@esbuild/darwin-arm64": "0.17.14",
        "@esbuild/darwin-x64": "0.17.14",
        "@esbuild/freebsd-arm64": "0.17.14",
        "@esbuild/freebsd-x64": "0.17.14",
        "@esbuild/linux-arm": "0.17.14",
        "@esbuild/linux-arm64": "0.17.14",
        "@esbuild/linux-ia32": "0.17.14",
        "@esbuild/linux-loong64": "0.17.14",
        "@esbuild/linux-mips64el": "0.17.14",
        "@esbuild/linux-ppc64": "0.17.14",
        "@esbuild/linux-riscv64": "0.17.14",
        "@esbuild/linux-s390x": "0.17.14",
        "@esbuild/linux-x64": "0.17.14",
        "@esbuild/netbsd-x64": "0.17.14",
        "@esbuild/openbsd-x64": "0.17.14",
        "@esbuild/sunos-x64": "0.17.14",
        "@esbuild/win32-arm64": "0.17.14",
        "@esbuild/win32-ia32": "0.17.14",
        "@esbuild/win32-x64": "0.17.14"
      }
    },
    "node_modules/eventemitter3": {
      "version": "4.0.7",
      "resolved": "https://registry.npmjs.org/eventemitter3/-/eventemitter3-4.0.7.tgz",
      "integrity": "sha512-8guHBZCwKnFhYdHr2ysuRWErTwhoN2X8XELRlrRwpmfeY2jjuUN4taQMsULKUVo1K4DvZl+0pgfyoysHxvmvEw=="
    },
    "node_modules/ismobilejs": {
      "version": "1.1.1",
      "resolved": "https://registry.npmjs.org/ismobilejs/-/ismobilejs-1.1.1.tgz",
      "integrity": "sha512-VaFW53yt8QO61k2WJui0dHf4SlL8lxBofUuUmwBo0ljPk0Drz2TiuDW4jo3wDcv41qy/SxrJ+VAzJ/qYqsmzRw=="
    },
    "node_modules/pixi.js": {
      "version": "7.2.3",
      "resolved": "https://registry.npmjs.org/pixi.js/-/pixi.js-7.2.3.tgz",
      "integrity": "sha512-eYWCV+UeVdRnn3zIxgHXdetVv8EQ8veccvu0z06QM9fUa37+D2Jm7Vp3F+ox9E9RLmoNVhlezAIUaSG4m3BN3A==",
      "dependencies": {
        "@pixi/accessibility": "7.2.3",
        "@pixi/app": "7.2.3",
        "@pixi/assets": "7.2.3",
        "@pixi/compressed-textures": "7.2.3",
        "@pixi/core": "7.2.3",
        "@pixi/display": "7.2.3",
        "@pixi/events": "7.2.3",
        "@pixi/extensions": "7.2.3",
        "@pixi/extract": "7.2.3",
        "@pixi/filter-alpha": "7.2.3",
        "@pixi/filter-blur": "7.2.3",
        "@pixi/filter-color-matrix": "7.2.3",
        "@pixi/filter-displacement": "7.2.3",
        "@pixi/filter-fxaa": "7.2.3",
        "@pixi/filter-noise": "7.2.3",
        "@pixi/graphics": "7.2.3",
        "@pixi/mesh": "7.2.3",
        "@pixi/mesh-extras": "7.2.3",
        "@pixi/mixin-cache-as-bitmap": "7.2.3",
        "@pixi/mixin-get-child-by-name": "7.2.3",
        "@pixi/mixin-get-global-position": "7.2.3",
        "@pixi/particle-container": "7.2.3",
        "@pixi/prepare": "7.2.3",
        "@pixi/sprite": "7.2.3",
        "@pixi/sprite-animated": "7.2.3",
        "@pixi/sprite-tiling": "7.2.3",
        "@pixi/spritesheet": "7.2.3",
        "@pixi/text": "7.2.3",
        "@pixi/text-bitmap": "7.2.3",
        "@pixi/text-html": "7.2.3"
      },
      "funding": {
        "type": "opencollective",
        "url": "https://opencollective.com/pixijs"
      }
    },
    "node_modules/prettier": {
      "version": "2.8.7",
      "resolved": "https://registry.npmjs.org/prettier/-/prettier-2.8.7.tgz",
      "integrity": "sha512-yPngTo3aXUUmyuTjeTUT75txrf+aMh9FiD7q9ZE/i6r0bPb22g4FsE6Y338PQX1bmfy08i9QQCB7/rcUAVntfw==",
      "dev": true,
      "bin": {
        "prettier": "bin-prettier.js"
      },
      "engines": {
        "node": ">=10.13.0"
      },
      "funding": {
        "url": "https://github.com/prettier/prettier?sponsor=1"
      }
    },
    "node_modules/pubsub-js": {
      "version": "1.9.4",
      "resolved": "https://registry.npmjs.org/pubsub-js/-/pubsub-js-1.9.4.tgz",
      "integrity": "sha512-hJYpaDvPH4w8ZX/0Fdf9ma1AwRgU353GfbaVfPjfJQf1KxZ2iHaHl3fAUw1qlJIR5dr4F3RzjGaWohYUEyoh7A=="
    },
    "node_modules/punycode": {
      "version": "1.3.2",
      "resolved": "https://registry.npmjs.org/punycode/-/punycode-1.3.2.tgz",
      "integrity": "sha512-RofWgt/7fL5wP1Y7fxE7/EmTLzQVnB0ycyibJ0OOHIlJqTNzglYFxVwETOcIoJqJmpDXJ9xImDv+Fq34F/d4Dw=="
    },
    "node_modules/querystring": {
      "version": "0.2.0",
      "resolved": "https://registry.npmjs.org/querystring/-/querystring-0.2.0.tgz",
      "integrity": "sha512-X/xY82scca2tau62i9mDyU9K+I+djTMUsvwf7xnUX5GLvVzgJybOJf4Y6o9Zx3oJK/LSXg5tTZBjwzqVPaPO2g==",
      "deprecated": "The querystring API is considered Legacy. new code should use the URLSearchParams API instead.",
      "engines": {
        "node": ">=0.4.x"
      }
    },
    "node_modules/url": {
      "version": "0.11.0",
      "resolved": "https://registry.npmjs.org/url/-/url-0.11.0.tgz",
      "integrity": "sha512-kbailJa29QrtXnxgq+DdCEGlbTeYM2eJUxsz6vjZavrCYPMIFHMKQmSKYAIuUK2i7hgPm28a8piX5NTUtM/LKQ==",
      "dependencies": {
        "punycode": "1.3.2",
        "querystring": "0.2.0"
      }
    }
  }
}
